
Microsoft Visual Studio Solution File, Format Version 12.00
# Visual Studio Version 17
VisualStudioVersion = 17.3.32929.385
MinimumVisualStudioVersion = 10.0.40219.1
Project("{FAE04EC0-301F-11D3-BF4B-00C04F79EFBC}") = "SQL Connection", "SQL Connection\SQL Connection.csproj", "{86420314-E66A-4BB0-A059-7262FFAE6518}"
EndProject
Global
	GlobalSection(SolutionConfigurationPlatforms) = preSolution
		Debug|Any CPU = Debug|Any CPU
		Release|Any CPU = Release|Any CPU
	EndGlobalSection
	GlobalSection(ProjectConfigurationPlatforms) = postSolution
		{86420314-E66A-4BB0-A059-7262FFAE6518}.Debug|Any CPU.ActiveCfg = Debug|Any CPU
		{86420314-E66A-4BB0-A059-7262FFAE6518}.Debug|Any CPU.Build.0 = Debug|Any CPU
		{86420314-E66A-4BB0-A059-7262FFAE6518}.Release|Any CPU.ActiveCfg = Release|Any CPU
		{86420314-E66A-4BB0-A059-7262FFAE6518}.Release|Any CPU.Build.0 = Release|Any CPU
	EndGlobalSection
	GlobalSection(SolutionProperties) = preSolution
		HideSolutionNode = FALSE
	EndGlobalSection
	GlobalSection(ExtensibilityGlobals) = postSolution
		SolutionGuid = {B49E52FB-6F1E-4B55-B86F-D57BF25C656E}
	EndGlobalSection
EndGlobal
